
Microsoft Visual Studio Solution File, Format Version 12.00
# Visual Studio Version 16
VisualStudioVersion = 16.0.31112.23
MinimumVisualStudioVersion = 10.0.40219.1
Project("{FAE04EC0-301F-11D3-BF4B-00C04F79EFBC}") = "Avansight", "Avansight\Avansight.csproj", "{4024A832-9E43-4B71-8C22-0D6C3DEF7585}"
EndProject
Project("{FAE04EC0-301F-11D3-BF4B-00C04F79EFBC}") = "Avansight.Domain", "Avansight.Domain\Avansight.Domain.csproj", "{1278AFAD-A44D-41AB-A298-E3776431A69F}"
EndProject
Global
	GlobalSection(SolutionConfigurationPlatforms) = preSolution
		Debug|Any CPU = Debug|Any CPU
		Release|Any CPU = Release|Any CPU
	EndGlobalSection
	GlobalSection(ProjectConfigurationPlatforms) = postSolution
		{4024A832-9E43-4B71-8C22-0D6C3DEF7585}.Debug|Any CPU.ActiveCfg = Debug|Any CPU
		{4024A832-9E43-4B71-8C22-0D6C3DEF7585}.Debug|Any CPU.Build.0 = Debug|Any CPU
		{4024A832-9E43-4B71-8C22-0D6C3DEF7585}.Release|Any CPU.ActiveCfg = Release|Any CPU
		{4024A832-9E43-4B71-8C22-0D6C3DEF7585}.Release|Any CPU.Build.0 = Release|Any CPU
		{1278AFAD-A44D-41AB-A298-E3776431A69F}.Debug|Any CPU.ActiveCfg = Debug|Any CPU
		{1278AFAD-A44D-41AB-A298-E3776431A69F}.Debug|Any CPU.Build.0 = Debug|Any CPU
		{1278AFAD-A44D-41AB-A298-E3776431A69F}.Release|Any CPU.ActiveCfg = Release|Any CPU
		{1278AFAD-A44D-41AB-A298-E3776431A69F}.Release|Any CPU.Build.0 = Release|Any CPU
	EndGlobalSection
	GlobalSection(SolutionProperties) = preSolution
		HideSolutionNode = FALSE
	EndGlobalSection
	GlobalSection(ExtensibilityGlobals) = postSolution
		SolutionGuid = {E54567F0-5715-4D85-867D-E754F3985A7F}
	EndGlobalSection
EndGlobal
